<?xml version="1.0" encoding="utf-8"?>
<Project ToolsVersion="4.0" xmlns="http://schemas.microsoft.com/developer/msbuild/2003">
  <ItemGroup>
    <Filter Include="Source Files">
      <UniqueIdentifier>{4FC737F1-C7A5-4376-A066-2A32D752A2FF}</UniqueIdentifier>
      <Extensions>cpp;c;cc;cxx;c++;cppm;ixx;def;odl;idl;hpj;bat;asm;asmx</Extensions>
    </Filter>
    <Filter Include="Header Files">
      <UniqueIdentifier>{93995380-89BD-4b04-88EB-625FBE52EBFB}</UniqueIdentifier>
      <Extensions>h;hh;hpp;hxx;h++;hm;inl;inc;ipp;xsd</Extensions>
    </Filter>
    <Filter Include="Resource Files">
      <UniqueIdentifier>{67DA6AB6-F800-4c08-8B7A-83BB121AAD01}</UniqueIdentifier>
      <Extensions>rc;ico;cur;bmp;dlg;rc2;rct;bin;rgs;gif;jpg;jpeg;jpe;resx;tiff;tif;png;wav;mfcribbon-ms</Extensions>
    </Filter>
  </ItemGroup>
  <ItemGroup>
    <ClInclude Include="PPU2C02.h">
      <Filter>Header Files</Filter>
    </ClInclude>
    <ClInclude Include="APU2A03.h">
      <Filter>Header Files</Filter>
    </ClInclude>
    <ClInclude Include="FMODAudio\FMODAudioSystem.h">
      <Filter>Header Files</Filter>
    </ClInclude>
    <ClInclude Include="NESBus.h">
      <Filter>Header Files</Filter>
    </ClInclude>
    <ClInclude Include="CPU6502\CPU6502.h">
      <Filter>Header Files</Filter>
    </ClInclude>
    <ClInclude Include="Diagnostics\DiagnosticHelpers.h">
      <Filter>Header Files</Filter>
    </ClInclude>
    <ClInclude Include="CartridgeApi\CartridgeInterfaceAPI.h">
      <Filter>Header Files</Filter>
    </ClInclude>
    <ClInclude Include="CartridgeApi\MapperInterfaceAPI.h">
      <Filter>Header Files</Filter>
    </ClInclude>
    <ClInclude Include="CartridgeApi\SharedObjectHelper.h">
      <Filter>Header Files</Filter>
    </ClInclude>
  </ItemGroup>
  <ItemGroup>
    <ClCompile Include="PPU2C02.cpp">
      <Filter>Source Files</Filter>
    </ClCompile>
    <ClCompile Include="APU2A03.cpp">
      <Filter>Source Files</Filter>
    </ClCompile>
    <ClCompile Include="FMODAudio\FMODAudioSystem.cpp">
      <Filter>Source Files</Filter>
    </ClCompile>
    <ClCompile Include="NESBus.cpp">
      <Filter>Source Files</Filter>
    </ClCompile>
    <ClCompile Include="CPU6502\CPU6502.AddressingModes.cpp">
      <Filter>Source Files</Filter>
    </ClCompile>
    <ClCompile Include="CPU6502\CPU6502.Core.cpp">
      <Filter>Source Files</Filter>
    </ClCompile>
    <ClCompile Include="CPU6502\CPU6502.Instruction.Table.cpp">
      <Filter>Source Files</Filter>
    </ClCompile>
    <ClCompile Include="CPU6502\CPU6502.Instructions.Illegal.cpp">
      <Filter>Source Files</Filter>
    </ClCompile>
    <ClCompile Include="CPU6502\CPU6502.Instructions.Official.cpp">
      <Filter>Source Files</Filter>
    </ClCompile>
    <ClCompile Include="CPU6502\CPU6502.Interrupts.cpp">
      <Filter>Source Files</Filter>
    </ClCompile>
    <ClCompile Include="CPU6502\CPU6502.Exports.cpp">
      <Filter>Source Files</Filter>
    </ClCompile>
    <ClCompile Include="Diagnostics\DiagnosticHelpers.cpp">
      <Filter>Source Files</Filter>
    </ClCompile>
    <ClCompile Include="CartridgeApi\CartridgeInterfaceAPI.cpp">
      <Filter>Source Files</Filter>
    </ClCompile>
    <ClCompile Include="CartridgeApi\MapperInterfaceAPI.cpp">
      <Filter>Source Files</Filter>
    </ClCompile>
    <ClCompile Include="CartridgeApi\SharedObjectHelper.cpp">
      <Filter>Source Files</Filter>
    </ClCompile>
  </ItemGroup>
</Project>